// !$*UTF8*$!
{
	archiveVersion = 1;
	classes = {
	};
	objectVersion = 48;
	objects = {

/* Begin PBXBuildFile section */
		6EDC59CD649ACE509FA18C96 /* Pods_Dealat_iOS.framework in Frameworks */ = {isa = PBXBuildFile; fileRef = C8A80EAEF46234EA904EA977 /* Pods_Dealat_iOS.framework */; };
		82049450207E080700E57CF9 /* BookmarkCell.swift in Sources */ = {isa = PBXBuildFile; fileRef = 8204944F207E080700E57CF9 /* BookmarkCell.swift */; };
		82049452207E0CC100E57CF9 /* BookmarkQuery.swift in Sources */ = {isa = PBXBuildFile; fileRef = 82049451207E0CC100E57CF9 /* BookmarkQuery.swift */; };
		8208B31B2039B00B000817A4 /* FilterVC.swift in Sources */ = {isa = PBXBuildFile; fileRef = 8208B31A2039B00B000817A4 /* FilterVC.swift */; };
		82105EEE204D3BA20050DDD8 /* City.swift in Sources */ = {isa = PBXBuildFile; fileRef = 82105EED204D3BA20050DDD8 /* City.swift */; };
		82105EF2204D5A410050DDD8 /* MyProfileVC.swift in Sources */ = {isa = PBXBuildFile; fileRef = 82105EF1204D5A410050DDD8 /* MyProfileVC.swift */; };
		82105EF6204D5ACE0050DDD8 /* MyAdsVC.swift in Sources */ = {isa = PBXBuildFile; fileRef = 82105EF5204D5ACE0050DDD8 /* MyAdsVC.swift */; };
		82105EF8204D5BD60050DDD8 /* MyFavoritesVC.swift in Sources */ = {isa = PBXBuildFile; fileRef = 82105EF7204D5BD60050DDD8 /* MyFavoritesVC.swift */; };
		821CCC8D2031D28700DAC27B /* AdDetailsBaseVC.swift in Sources */ = {isa = PBXBuildFile; fileRef = 821CCC8C2031D28700DAC27B /* AdDetailsBaseVC.swift */; };
		822516E92029DF4A009FF0DE /* ChooseCatVC.swift in Sources */ = {isa = PBXBuildFile; fileRef = 822516E82029DF4A009FF0DE /* ChooseCatVC.swift */; };
		822516EB2029DFF3009FF0DE /* CategoryCell.swift in Sources */ = {isa = PBXBuildFile; fileRef = 822516EA2029DFF3009FF0DE /* CategoryCell.swift */; };
		8226F007202882F00077FA74 /* Cat.swift in Sources */ = {isa = PBXBuildFile; fileRef = 8226F006202882F00077FA74 /* Cat.swift */; };
		8226F009202883390077FA74 /* BaseEntity.swift in Sources */ = {isa = PBXBuildFile; fileRef = 8226F008202883390077FA74 /* BaseEntity.swift */; };
		8226F00B202883670077FA74 /* extensions.swift in Sources */ = {isa = PBXBuildFile; fileRef = 8226F00A202883670077FA74 /* extensions.swift */; };
		8226F00D2028838F0077FA74 /* BaseManager.swift in Sources */ = {isa = PBXBuildFile; fileRef = 8226F00C2028838F0077FA74 /* BaseManager.swift */; };
		8226F00F202883A10077FA74 /* Communication.swift in Sources */ = {isa = PBXBuildFile; fileRef = 8226F00E202883A10077FA74 /* Communication.swift */; };
		8226F0112028867B0077FA74 /* CustomResponse.swift in Sources */ = {isa = PBXBuildFile; fileRef = 8226F0102028867B0077FA74 /* CustomResponse.swift */; };
		8226F013202886960077FA74 /* Provider.swift in Sources */ = {isa = PBXBuildFile; fileRef = 8226F012202886960077FA74 /* Provider.swift */; };
		8226F015202886B90077FA74 /* PushManager.swift in Sources */ = {isa = PBXBuildFile; fileRef = 8226F014202886B90077FA74 /* PushManager.swift */; };
		8226F017202886D50077FA74 /* Theme.swift in Sources */ = {isa = PBXBuildFile; fileRef = 8226F016202886D50077FA74 /* Theme.swift */; };
		8226F01E2028872E0077FA74 /* LNNotificationsUI.framework in Frameworks */ = {isa = PBXBuildFile; fileRef = 8226F01D2028871E0077FA74 /* LNNotificationsUI.framework */; };
		8226F01F2028872E0077FA74 /* LNNotificationsUI.framework in Embed Frameworks */ = {isa = PBXBuildFile; fileRef = 8226F01D2028871E0077FA74 /* LNNotificationsUI.framework */; settings = {ATTRIBUTES = (CodeSignOnCopy, RemoveHeadersOnCopy, ); }; };
		8226F02620289C7C0077FA74 /* background2.png in Resources */ = {isa = PBXBuildFile; fileRef = 8226F02520289C7B0077FA74 /* background2.png */; };
		8226F02920289D240077FA74 /* CenturyGothicRegular.ttf in Resources */ = {isa = PBXBuildFile; fileRef = 8226F02820289D240077FA74 /* CenturyGothicRegular.ttf */; };
		8226F02B20289DD70077FA74 /* calibri.ttf in Resources */ = {isa = PBXBuildFile; fileRef = 8226F02A20289DD70077FA74 /* calibri.ttf */; };
		823547B82029A6AB003478F1 /* BaseVC.swift in Sources */ = {isa = PBXBuildFile; fileRef = 823547B72029A6AB003478F1 /* BaseVC.swift */; };
		823547BE2029AA72003478F1 /* HomeVC.swift in Sources */ = {isa = PBXBuildFile; fileRef = 823547BD2029AA72003478F1 /* HomeVC.swift */; };
		823547C12029AB94003478F1 /* HomeCell.swift in Sources */ = {isa = PBXBuildFile; fileRef = 823547BF2029AB94003478F1 /* HomeCell.swift */; };
		823547C42029B131003478F1 /* BaseCell.swift in Sources */ = {isa = PBXBuildFile; fileRef = 823547C32029B131003478F1 /* BaseCell.swift */; };
		823547C62029C27F003478F1 /* pic.png in Resources */ = {isa = PBXBuildFile; fileRef = 823547C52029C27E003478F1 /* pic.png */; };
		823547C82029C3D9003478F1 /* SideMenuVC.swift in Sources */ = {isa = PBXBuildFile; fileRef = 823547C72029C3D9003478F1 /* SideMenuVC.swift */; };
		824663D82030316000F303EA /* UIViewX.swift in Sources */ = {isa = PBXBuildFile; fileRef = 824663D72030316000F303EA /* UIViewX.swift */; };
		824663DA203031E000F303EA /* CardView.swift in Sources */ = {isa = PBXBuildFile; fileRef = 824663D9203031E000F303EA /* CardView.swift */; };
		824663DC203084CE00F303EA /* CategoriesVC.swift in Sources */ = {isa = PBXBuildFile; fileRef = 824663DB203084CE00F303EA /* CategoriesVC.swift */; };
		8267E28020302D43007130A4 /* AdsListVC.swift in Sources */ = {isa = PBXBuildFile; fileRef = 8267E27F20302D43007130A4 /* AdsListVC.swift */; };
		82893DB02032D6F5009151FC /* Location.swift in Sources */ = {isa = PBXBuildFile; fileRef = 82893DAF2032D6F5009151FC /* Location.swift */; };
		82893DB22032D742009151FC /* Type.swift in Sources */ = {isa = PBXBuildFile; fileRef = 82893DB12032D742009151FC /* Type.swift */; };
		82893DB42032D7BE009151FC /* Model.swift in Sources */ = {isa = PBXBuildFile; fileRef = 82893DB32032D7BE009151FC /* Model.swift */; };
		82893DB62032D9D8009151FC /* Education.swift in Sources */ = {isa = PBXBuildFile; fileRef = 82893DB52032D9D8009151FC /* Education.swift */; };
		82893DB82032DA13009151FC /* Schedule.swift in Sources */ = {isa = PBXBuildFile; fileRef = 82893DB72032DA13009151FC /* Schedule.swift */; };
		82893DBA2032E400009151FC /* NewAddVC.swift in Sources */ = {isa = PBXBuildFile; fileRef = 82893DB92032E400009151FC /* NewAddVC.swift */; };
		82893DBC2032E480009151FC /* BaseTVC.swift in Sources */ = {isa = PBXBuildFile; fileRef = 82893DBB2032E480009151FC /* BaseTVC.swift */; };
		82893DBE2032E710009151FC /* NewAddBaesVC.swift in Sources */ = {isa = PBXBuildFile; fileRef = 82893DBD2032E710009151FC /* NewAddBaesVC.swift */; };
		82893DE12033237C009151FC /* Localizable.strings in Resources */ = {isa = PBXBuildFile; fileRef = 82893DE32033237C009151FC /* Localizable.strings */; };
		829146712051656A0014CFE2 /* Chat.swift in Sources */ = {isa = PBXBuildFile; fileRef = 829146702051656A0014CFE2 /* Chat.swift */; };
		82914673205165730014CFE2 /* Message.swift in Sources */ = {isa = PBXBuildFile; fileRef = 82914672205165730014CFE2 /* Message.swift */; };
		829146752051670D0014CFE2 /* MyChatsVC.swift in Sources */ = {isa = PBXBuildFile; fileRef = 829146742051670D0014CFE2 /* MyChatsVC.swift */; };
		829146772051690C0014CFE2 /* ChatCell.swift in Sources */ = {isa = PBXBuildFile; fileRef = 829146762051690C0014CFE2 /* ChatCell.swift */; };
		829247B0205FDAD20093A226 /* GoogleService-Info.plist in Resources */ = {isa = PBXBuildFile; fileRef = 829247AF205FDAD10093A226 /* GoogleService-Info.plist */; };
		829C214420345C3B00FFFC9B /* RegisterVC.swift in Sources */ = {isa = PBXBuildFile; fileRef = 829C214320345C3B00FFFC9B /* RegisterVC.swift */; };
		82A09E932042C4A8005E9E90 /* TypesVC.swift in Sources */ = {isa = PBXBuildFile; fileRef = 82A09E922042C4A8005E9E90 /* TypesVC.swift */; };
		82A3A1F7204453CD00CA9135 /* Commecicial.swift in Sources */ = {isa = PBXBuildFile; fileRef = 82A3A1F6204453CD00CA9135 /* Commecicial.swift */; };
		82AA9558205664A10048AC74 /* FilterParams.swift in Sources */ = {isa = PBXBuildFile; fileRef = 82AA9557205664A10048AC74 /* FilterParams.swift */; };
		82AA955F2056B8520048AC74 /* CategoriesVC3.swift in Sources */ = {isa = PBXBuildFile; fileRef = 82AA955E2056B8520048AC74 /* CategoriesVC3.swift */; };
		82ABA87C203AB6F3000627CB /* CategoriesVC2.swift in Sources */ = {isa = PBXBuildFile; fileRef = 82ABA87B203AB6F3000627CB /* CategoriesVC2.swift */; };
		82ABA87F203AC650000627CB /* FilterBaseVC.swift in Sources */ = {isa = PBXBuildFile; fileRef = 82ABA87E203AC650000627CB /* FilterBaseVC.swift */; };
		82B97A662055148400ADF51B /* ChatDetailsVC.swift in Sources */ = {isa = PBXBuildFile; fileRef = 82B97A652055148400ADF51B /* ChatDetailsVC.swift */; };
		82B97A6B20551D0F00ADF51B /* MessageCell.swift in Sources */ = {isa = PBXBuildFile; fileRef = 82B97A6920551D0F00ADF51B /* MessageCell.swift */; };
		82B97A6C20551D0F00ADF51B /* MessageCell.xib in Resources */ = {isa = PBXBuildFile; fileRef = 82B97A6A20551D0F00ADF51B /* MessageCell.xib */; };
		82B97A7420551F4200ADF51B /* ActiveLabel.swift in Sources */ = {isa = PBXBuildFile; fileRef = 82B97A6E20551F4000ADF51B /* ActiveLabel.swift */; };
		82B97A7520551F4200ADF51B /* ActiveType.swift in Sources */ = {isa = PBXBuildFile; fileRef = 82B97A6F20551F4000ADF51B /* ActiveType.swift */; };
		82B97A7620551F4200ADF51B /* StringTrimExtension.swift in Sources */ = {isa = PBXBuildFile; fileRef = 82B97A7020551F4000ADF51B /* StringTrimExtension.swift */; };
		82B97A7720551F4200ADF51B /* ActiveBuilder.swift in Sources */ = {isa = PBXBuildFile; fileRef = 82B97A7120551F4100ADF51B /* ActiveBuilder.swift */; };
		82B97A7820551F4200ADF51B /* RegexParser.swift in Sources */ = {isa = PBXBuildFile; fileRef = 82B97A7320551F4100ADF51B /* RegexParser.swift */; };
		82B97A7C205550C300ADF51B /* EditProfileVC.swift in Sources */ = {isa = PBXBuildFile; fileRef = 82B97A7B205550C300ADF51B /* EditProfileVC.swift */; };
		82CEA2B52031C7D400E5F017 /* localizations.swift in Sources */ = {isa = PBXBuildFile; fileRef = 82CEA2B42031C7D400E5F017 /* localizations.swift */; };
		82CEA2B72031C89800E5F017 /* IMG.swift in Sources */ = {isa = PBXBuildFile; fileRef = 82CEA2B62031C89800E5F017 /* IMG.swift */; };
		82E2CC60203C34C600A375E9 /* LocationsVC.swift in Sources */ = {isa = PBXBuildFile; fileRef = 82E2CC5F203C34C600A375E9 /* LocationsVC.swift */; };
		82E56E55205E5CBC00938CD7 /* PopupVC.swift in Sources */ = {isa = PBXBuildFile; fileRef = 82E56E54205E5CBC00938CD7 /* PopupVC.swift */; };
		82E56E58205EBDF600938CD7 /* SavedSearchesVC.swift in Sources */ = {isa = PBXBuildFile; fileRef = 82E56E57205EBDF600938CD7 /* SavedSearchesVC.swift */; };
		82E56E5A205EC2B400938CD7 /* UserBookmark.swift in Sources */ = {isa = PBXBuildFile; fileRef = 82E56E59205EC2B400938CD7 /* UserBookmark.swift */; };
		82E8BD0D202B139000684368 /* Media.xcassets in Resources */ = {isa = PBXBuildFile; fileRef = 82E8BD0C202B139000684368 /* Media.xcassets */; };
		82E8BD0F202B143800684368 /* CommericalCell.swift in Sources */ = {isa = PBXBuildFile; fileRef = 82E8BD0E202B143800684368 /* CommericalCell.swift */; };
		82E8BD13202B285100684368 /* AdCell.swift in Sources */ = {isa = PBXBuildFile; fileRef = 82E8BD12202B285100684368 /* AdCell.swift */; };
		82E8BD15202B3DB600684368 /* AdDetailsVC.swift in Sources */ = {isa = PBXBuildFile; fileRef = 82E8BD14202B3DB600684368 /* AdDetailsVC.swift */; };
		82EB4803204C134B00D25E1D /* SelectLocationVC.swift in Sources */ = {isa = PBXBuildFile; fileRef = 82EB4802204C134B00D25E1D /* SelectLocationVC.swift */; };
		82EB4805204C215600D25E1D /* VerificationVC.swift in Sources */ = {isa = PBXBuildFile; fileRef = 82EB4804204C215600D25E1D /* VerificationVC.swift */; };
		82EF0C24202AFC8F00349107 /* AD.swift in Sources */ = {isa = PBXBuildFile; fileRef = 82EF0C23202AFC8F00349107 /* AD.swift */; };
		82F0C1E720286404008922A0 /* AppDelegate.swift in Sources */ = {isa = PBXBuildFile; fileRef = 82F0C1E620286404008922A0 /* AppDelegate.swift */; };
		82F0C1E920286404008922A0 /* ViewController.swift in Sources */ = {isa = PBXBuildFile; fileRef = 82F0C1E820286404008922A0 /* ViewController.swift */; };
		82F0C1EC20286404008922A0 /* Main.storyboard in Resources */ = {isa = PBXBuildFile; fileRef = 82F0C1EA20286404008922A0 /* Main.storyboard */; };
		82F0C1EE20286407008922A0 /* Assets.xcassets in Resources */ = {isa = PBXBuildFile; fileRef = 82F0C1ED20286407008922A0 /* Assets.xcassets */; };
		82F0C1F120286407008922A0 /* LaunchScreen.storyboard in Resources */ = {isa = PBXBuildFile; fileRef = 82F0C1EF20286407008922A0 /* LaunchScreen.storyboard */; };
		82F0C1FC20286407008922A0 /* Dealat_iOSTests.swift in Sources */ = {isa = PBXBuildFile; fileRef = 82F0C1FB20286407008922A0 /* Dealat_iOSTests.swift */; };
		82F0C20720286407008922A0 /* Dealat_iOSUITests.swift in Sources */ = {isa = PBXBuildFile; fileRef = 82F0C20620286407008922A0 /* Dealat_iOSUITests.swift */; };
		82F0C21C2028648A008922A0 /* Podfile in Resources */ = {isa = PBXBuildFile; fileRef = 82F0C21B2028648A008922A0 /* Podfile */; };
		82F0C21E20286525008922A0 /* User.swift in Sources */ = {isa = PBXBuildFile; fileRef = 82F0C21D20286525008922A0 /* User.swift */; };
		82FAFB2F2075F57D004EF09D /* ReportMessagesVC.swift in Sources */ = {isa = PBXBuildFile; fileRef = 82FAFB2E2075F57D004EF09D /* ReportMessagesVC.swift */; };
		82FEE63F2075068A00D9DB45 /* Period.swift in Sources */ = {isa = PBXBuildFile; fileRef = 82FEE63E2075068A00D9DB45 /* Period.swift */; };
		82FEE641207506ED00D9DB45 /* ReportMessage.swift in Sources */ = {isa = PBXBuildFile; fileRef = 82FEE640207506ED00D9DB45 /* ReportMessage.swift */; };
/* End PBXBuildFile section */

/* Begin PBXContainerItemProxy section */
		8226F01C2028871E0077FA74 /* PBXContainerItemProxy */ = {
			isa = PBXContainerItemProxy;
			containerPortal = 8226F0182028871E0077FA74 /* LNNotificationsUI.xcodeproj */;
			proxyType = 2;
			remoteGlobalIDString = 39FC4F8319B8EFB400E45E37;
			remoteInfo = LNNotificationsUI;
		};
		8226F0202028872E0077FA74 /* PBXContainerItemProxy */ = {
			isa = PBXContainerItemProxy;
			containerPortal = 8226F0182028871E0077FA74 /* LNNotificationsUI.xcodeproj */;
			proxyType = 1;
			remoteGlobalIDString = 39FC4F8219B8EFB400E45E37;
			remoteInfo = LNNotificationsUI;
		};
		82F0C1F820286407008922A0 /* PBXContainerItemProxy */ = {
			isa = PBXContainerItemProxy;
			containerPortal = 82F0C1DB20286404008922A0 /* Project object */;
			proxyType = 1;
			remoteGlobalIDString = 82F0C1E220286404008922A0;
			remoteInfo = "Dealat-iOS";
		};
		82F0C20320286407008922A0 /* PBXContainerItemProxy */ = {
			isa = PBXContainerItemProxy;
			containerPortal = 82F0C1DB20286404008922A0 /* Project object */;
			proxyType = 1;
			remoteGlobalIDString = 82F0C1E220286404008922A0;
			remoteInfo = "Dealat-iOS";
		};
/* End PBXContainerItemProxy section */

/* Begin PBXCopyFilesBuildPhase section */
		8226F0222028872F0077FA74 /* Embed Frameworks */ = {
			isa = PBXCopyFilesBuildPhase;
			buildActionMask = 2147483647;
			dstPath = "";
			dstSubfolderSpec = 10;
			files = (
				8226F01F2028872E0077FA74 /* LNNotificationsUI.framework in Embed Frameworks */,
			);
			name = "Embed Frameworks";
			runOnlyForDeploymentPostprocessing = 0;
		};
/* End PBXCopyFilesBuildPhase section */

/* Begin PBXFileReference section */
		379630157520095B14F2457A /* Pods-Dealat-iOS.debug.xcconfig */ = {isa = PBXFileReference; includeInIndex = 1; lastKnownFileType = text.xcconfig; name = "Pods-Dealat-iOS.debug.xcconfig"; path = "Pods/Target Support Files/Pods-Dealat-iOS/Pods-Dealat-iOS.debug.xcconfig"; sourceTree = "<group>"; };
		8204944F207E080700E57CF9 /* BookmarkCell.swift */ = {isa = PBXFileReference; lastKnownFileType = sourcecode.swift; path = BookmarkCell.swift; sourceTree = "<group>"; };
		82049451207E0CC100E57CF9 /* BookmarkQuery.swift */ = {isa = PBXFileReference; lastKnownFileType = sourcecode.swift; path = BookmarkQuery.swift; sourceTree = "<group>"; };
		8208B31A2039B00B000817A4 /* FilterVC.swift */ = {isa = PBXFileReference; lastKnownFileType = sourcecode.swift; path = FilterVC.swift; sourceTree = "<group>"; };
		82105EED204D3BA20050DDD8 /* City.swift */ = {isa = PBXFileReference; lastKnownFileType = sourcecode.swift; path = City.swift; sourceTree = "<group>"; };
		82105EF1204D5A410050DDD8 /* MyProfileVC.swift */ = {isa = PBXFileReference; lastKnownFileType = sourcecode.swift; path = MyProfileVC.swift; sourceTree = "<group>"; };
		82105EF5204D5ACE0050DDD8 /* MyAdsVC.swift */ = {isa = PBXFileReference; lastKnownFileType = sourcecode.swift; path = MyAdsVC.swift; sourceTree = "<group>"; };
		82105EF7204D5BD60050DDD8 /* MyFavoritesVC.swift */ = {isa = PBXFileReference; lastKnownFileType = sourcecode.swift; path = MyFavoritesVC.swift; sourceTree = "<group>"; };
		821CCC8C2031D28700DAC27B /* AdDetailsBaseVC.swift */ = {isa = PBXFileReference; lastKnownFileType = sourcecode.swift; path = AdDetailsBaseVC.swift; sourceTree = "<group>"; };
		822516E82029DF4A009FF0DE /* ChooseCatVC.swift */ = {isa = PBXFileReference; lastKnownFileType = sourcecode.swift; path = ChooseCatVC.swift; sourceTree = "<group>"; };
		822516EA2029DFF3009FF0DE /* CategoryCell.swift */ = {isa = PBXFileReference; lastKnownFileType = sourcecode.swift; path = CategoryCell.swift; sourceTree = "<group>"; };
		8226F006202882F00077FA74 /* Cat.swift */ = {isa = PBXFileReference; lastKnownFileType = sourcecode.swift; path = Cat.swift; sourceTree = "<group>"; };
		8226F008202883390077FA74 /* BaseEntity.swift */ = {isa = PBXFileReference; lastKnownFileType = sourcecode.swift; path = BaseEntity.swift; sourceTree = "<group>"; };
		8226F00A202883670077FA74 /* extensions.swift */ = {isa = PBXFileReference; lastKnownFileType = sourcecode.swift; path = extensions.swift; sourceTree = "<group>"; };
		8226F00C2028838F0077FA74 /* BaseManager.swift */ = {isa = PBXFileReference; lastKnownFileType = sourcecode.swift; path = BaseManager.swift; sourceTree = "<group>"; };
		8226F00E202883A10077FA74 /* Communication.swift */ = {isa = PBXFileReference; lastKnownFileType = sourcecode.swift; path = Communication.swift; sourceTree = "<group>"; };
		8226F0102028867B0077FA74 /* CustomResponse.swift */ = {isa = PBXFileReference; lastKnownFileType = sourcecode.swift; path = CustomResponse.swift; sourceTree = "<group>"; };
		8226F012202886960077FA74 /* Provider.swift */ = {isa = PBXFileReference; lastKnownFileType = sourcecode.swift; path = Provider.swift; sourceTree = "<group>"; };
		8226F014202886B90077FA74 /* PushManager.swift */ = {isa = PBXFileReference; lastKnownFileType = sourcecode.swift; path = PushManager.swift; sourceTree = "<group>"; };
		8226F016202886D50077FA74 /* Theme.swift */ = {isa = PBXFileReference; lastKnownFileType = sourcecode.swift; path = Theme.swift; sourceTree = "<group>"; };
		8226F0182028871E0077FA74 /* LNNotificationsUI.xcodeproj */ = {isa = PBXFileReference; lastKnownFileType = "wrapper.pb-project"; name = LNNotificationsUI.xcodeproj; path = LNNotificationsUI/LNNotificationsUI.xcodeproj; sourceTree = "<group>"; };
		8226F02520289C7B0077FA74 /* background2.png */ = {isa = PBXFileReference; lastKnownFileType = image.png; path = background2.png; sourceTree = "<group>"; };
		8226F02820289D240077FA74 /* CenturyGothicRegular.ttf */ = {isa = PBXFileReference; lastKnownFileType = file; path = CenturyGothicRegular.ttf; sourceTree = "<group>"; };
		8226F02A20289DD70077FA74 /* calibri.ttf */ = {isa = PBXFileReference; lastKnownFileType = file; path = calibri.ttf; sourceTree = "<group>"; };
		823547B72029A6AB003478F1 /* BaseVC.swift */ = {isa = PBXFileReference; lastKnownFileType = sourcecode.swift; path = BaseVC.swift; sourceTree = "<group>"; };
		823547BD2029AA72003478F1 /* HomeVC.swift */ = {isa = PBXFileReference; lastKnownFileType = sourcecode.swift; path = HomeVC.swift; sourceTree = "<group>"; };
		823547BF2029AB94003478F1 /* HomeCell.swift */ = {isa = PBXFileReference; lastKnownFileType = sourcecode.swift; path = HomeCell.swift; sourceTree = "<group>"; };
		823547C32029B131003478F1 /* BaseCell.swift */ = {isa = PBXFileReference; lastKnownFileType = sourcecode.swift; path = BaseCell.swift; sourceTree = "<group>"; };
		823547C52029C27E003478F1 /* pic.png */ = {isa = PBXFileReference; lastKnownFileType = image.png; path = pic.png; sourceTree = "<group>"; };
		823547C72029C3D9003478F1 /* SideMenuVC.swift */ = {isa = PBXFileReference; lastKnownFileType = sourcecode.swift; path = SideMenuVC.swift; sourceTree = "<group>"; };
		823E478220455ABA00DF280C /* en */ = {isa = PBXFileReference; lastKnownFileType = text.plist.strings; name = en; path = en.lproj/Localizable.strings; sourceTree = "<group>"; };
		824663D72030316000F303EA /* UIViewX.swift */ = {isa = PBXFileReference; lastKnownFileType = sourcecode.swift; path = UIViewX.swift; sourceTree = "<group>"; };
		824663D9203031E000F303EA /* CardView.swift */ = {isa = PBXFileReference; lastKnownFileType = sourcecode.swift; path = CardView.swift; sourceTree = "<group>"; };
		824663DB203084CE00F303EA /* CategoriesVC.swift */ = {isa = PBXFileReference; lastKnownFileType = sourcecode.swift; path = CategoriesVC.swift; sourceTree = "<group>"; };
		8267E27F20302D43007130A4 /* AdsListVC.swift */ = {isa = PBXFileReference; lastKnownFileType = sourcecode.swift; path = AdsListVC.swift; sourceTree = "<group>"; };
		82893DAF2032D6F5009151FC /* Location.swift */ = {isa = PBXFileReference; lastKnownFileType = sourcecode.swift; path = Location.swift; sourceTree = "<group>"; };
		82893DB12032D742009151FC /* Type.swift */ = {isa = PBXFileReference; lastKnownFileType = sourcecode.swift; path = Type.swift; sourceTree = "<group>"; };
		82893DB32032D7BE009151FC /* Model.swift */ = {isa = PBXFileReference; lastKnownFileType = sourcecode.swift; path = Model.swift; sourceTree = "<group>"; };
		82893DB52032D9D8009151FC /* Education.swift */ = {isa = PBXFileReference; lastKnownFileType = sourcecode.swift; path = Education.swift; sourceTree = "<group>"; };
		82893DB72032DA13009151FC /* Schedule.swift */ = {isa = PBXFileReference; lastKnownFileType = sourcecode.swift; path = Schedule.swift; sourceTree = "<group>"; };
		82893DB92032E400009151FC /* NewAddVC.swift */ = {isa = PBXFileReference; lastKnownFileType = sourcecode.swift; path = NewAddVC.swift; sourceTree = "<group>"; };
		82893DBB2032E480009151FC /* BaseTVC.swift */ = {isa = PBXFileReference; lastKnownFileType = sourcecode.swift; path = BaseTVC.swift; sourceTree = "<group>"; };
		82893DBD2032E710009151FC /* NewAddBaesVC.swift */ = {isa = PBXFileReference; lastKnownFileType = sourcecode.swift; path = NewAddBaesVC.swift; sourceTree = "<group>"; };
		82893DE520332389009151FC /* Base */ = {isa = PBXFileReference; lastKnownFileType = text.plist.strings; name = Base; path = Base.lproj/Localizable.strings; sourceTree = "<group>"; };
		82893DE62033238F009151FC /* ar */ = {isa = PBXFileReference; lastKnownFileType = text.plist.strings; name = ar; path = ar.lproj/Localizable.strings; sourceTree = "<group>"; };
		829146702051656A0014CFE2 /* Chat.swift */ = {isa = PBXFileReference; lastKnownFileType = sourcecode.swift; path = Chat.swift; sourceTree = "<group>"; };
		82914672205165730014CFE2 /* Message.swift */ = {isa = PBXFileReference; lastKnownFileType = sourcecode.swift; path = Message.swift; sourceTree = "<group>"; };
		829146742051670D0014CFE2 /* MyChatsVC.swift */ = {isa = PBXFileReference; lastKnownFileType = sourcecode.swift; path = MyChatsVC.swift; sourceTree = "<group>"; };
		829146762051690C0014CFE2 /* ChatCell.swift */ = {isa = PBXFileReference; lastKnownFileType = sourcecode.swift; path = ChatCell.swift; sourceTree = "<group>"; };
		829247AE205FDA930093A226 /* Dealat-iOS.entitlements */ = {isa = PBXFileReference; lastKnownFileType = text.plist.entitlements; path = "Dealat-iOS.entitlements"; sourceTree = "<group>"; };
		829247AF205FDAD10093A226 /* GoogleService-Info.plist */ = {isa = PBXFileReference; fileEncoding = 4; lastKnownFileType = text.plist.xml; path = "GoogleService-Info.plist"; sourceTree = "<group>"; };
		829C214320345C3B00FFFC9B /* RegisterVC.swift */ = {isa = PBXFileReference; lastKnownFileType = sourcecode.swift; path = RegisterVC.swift; sourceTree = "<group>"; };
		82A09E922042C4A8005E9E90 /* TypesVC.swift */ = {isa = PBXFileReference; lastKnownFileType = sourcecode.swift; path = TypesVC.swift; sourceTree = "<group>"; };
		82A3A1F6204453CD00CA9135 /* Commecicial.swift */ = {isa = PBXFileReference; lastKnownFileType = sourcecode.swift; path = Commecicial.swift; sourceTree = "<group>"; };
		82AA9557205664A10048AC74 /* FilterParams.swift */ = {isa = PBXFileReference; lastKnownFileType = sourcecode.swift; path = FilterParams.swift; sourceTree = "<group>"; };
		82AA955E2056B8520048AC74 /* CategoriesVC3.swift */ = {isa = PBXFileReference; lastKnownFileType = sourcecode.swift; path = CategoriesVC3.swift; sourceTree = "<group>"; };
		82ABA87B203AB6F3000627CB /* CategoriesVC2.swift */ = {isa = PBXFileReference; lastKnownFileType = sourcecode.swift; path = CategoriesVC2.swift; sourceTree = "<group>"; };
		82ABA87E203AC650000627CB /* FilterBaseVC.swift */ = {isa = PBXFileReference; lastKnownFileType = sourcecode.swift; path = FilterBaseVC.swift; sourceTree = "<group>"; };
		82B97A652055148400ADF51B /* ChatDetailsVC.swift */ = {isa = PBXFileReference; lastKnownFileType = sourcecode.swift; path = ChatDetailsVC.swift; sourceTree = "<group>"; };
		82B97A6920551D0F00ADF51B /* MessageCell.swift */ = {isa = PBXFileReference; lastKnownFileType = sourcecode.swift; path = MessageCell.swift; sourceTree = "<group>"; };
		82B97A6A20551D0F00ADF51B /* MessageCell.xib */ = {isa = PBXFileReference; lastKnownFileType = file.xib; path = MessageCell.xib; sourceTree = "<group>"; };
		82B97A6E20551F4000ADF51B /* ActiveLabel.swift */ = {isa = PBXFileReference; fileEncoding = 4; lastKnownFileType = sourcecode.swift; path = ActiveLabel.swift; sourceTree = "<group>"; };
		82B97A6F20551F4000ADF51B /* ActiveType.swift */ = {isa = PBXFileReference; fileEncoding = 4; lastKnownFileType = sourcecode.swift; path = ActiveType.swift; sourceTree = "<group>"; };
		82B97A7020551F4000ADF51B /* StringTrimExtension.swift */ = {isa = PBXFileReference; fileEncoding = 4; lastKnownFileType = sourcecode.swift; path = StringTrimExtension.swift; sourceTree = "<group>"; };
		82B97A7120551F4100ADF51B /* ActiveBuilder.swift */ = {isa = PBXFileReference; fileEncoding = 4; lastKnownFileType = sourcecode.swift; path = ActiveBuilder.swift; sourceTree = "<group>"; };
		82B97A7220551F4100ADF51B /* ActiveLabel.h */ = {isa = PBXFileReference; fileEncoding = 4; lastKnownFileType = sourcecode.c.h; path = ActiveLabel.h; sourceTree = "<group>"; };
		82B97A7320551F4100ADF51B /* RegexParser.swift */ = {isa = PBXFileReference; fileEncoding = 4; lastKnownFileType = sourcecode.swift; path = RegexParser.swift; sourceTree = "<group>"; };
		82B97A7B205550C300ADF51B /* EditProfileVC.swift */ = {isa = PBXFileReference; lastKnownFileType = sourcecode.swift; path = EditProfileVC.swift; sourceTree = "<group>"; };
		82CEA2B22031A25B00E5F017 /* ar */ = {isa = PBXFileReference; lastKnownFileType = text.plist.strings; name = ar; path = ar.lproj/Main.strings; sourceTree = "<group>"; };
		82CEA2B32031A25C00E5F017 /* ar */ = {isa = PBXFileReference; lastKnownFileType = text.plist.strings; name = ar; path = ar.lproj/LaunchScreen.strings; sourceTree = "<group>"; };
		82CEA2B42031C7D400E5F017 /* localizations.swift */ = {isa = PBXFileReference; lastKnownFileType = sourcecode.swift; path = localizations.swift; sourceTree = "<group>"; };
		82CEA2B62031C89800E5F017 /* IMG.swift */ = {isa = PBXFileReference; lastKnownFileType = sourcecode.swift; path = IMG.swift; sourceTree = "<group>"; };
		82E2CC5F203C34C600A375E9 /* LocationsVC.swift */ = {isa = PBXFileReference; lastKnownFileType = sourcecode.swift; path = LocationsVC.swift; sourceTree = "<group>"; };
		82E56E54205E5CBC00938CD7 /* PopupVC.swift */ = {isa = PBXFileReference; lastKnownFileType = sourcecode.swift; path = PopupVC.swift; sourceTree = "<group>"; };
		82E56E57205EBDF600938CD7 /* SavedSearchesVC.swift */ = {isa = PBXFileReference; lastKnownFileType = sourcecode.swift; path = SavedSearchesVC.swift; sourceTree = "<group>"; };
		82E56E59205EC2B400938CD7 /* UserBookmark.swift */ = {isa = PBXFileReference; lastKnownFileType = sourcecode.swift; path = UserBookmark.swift; sourceTree = "<group>"; };
		82E8BD0C202B139000684368 /* Media.xcassets */ = {isa = PBXFileReference; lastKnownFileType = folder.assetcatalog; path = Media.xcassets; sourceTree = "<group>"; };
		82E8BD0E202B143800684368 /* CommericalCell.swift */ = {isa = PBXFileReference; lastKnownFileType = sourcecode.swift; path = CommericalCell.swift; sourceTree = "<group>"; };
		82E8BD12202B285100684368 /* AdCell.swift */ = {isa = PBXFileReference; lastKnownFileType = sourcecode.swift; path = AdCell.swift; sourceTree = "<group>"; };
		82E8BD14202B3DB600684368 /* AdDetailsVC.swift */ = {isa = PBXFileReference; lastKnownFileType = sourcecode.swift; path = AdDetailsVC.swift; sourceTree = "<group>"; };
		82EB4802204C134B00D25E1D /* SelectLocationVC.swift */ = {isa = PBXFileReference; lastKnownFileType = sourcecode.swift; path = SelectLocationVC.swift; sourceTree = "<group>"; };
		82EB4804204C215600D25E1D /* VerificationVC.swift */ = {isa = PBXFileReference; lastKnownFileType = sourcecode.swift; path = VerificationVC.swift; sourceTree = "<group>"; };
		82EF0C23202AFC8F00349107 /* AD.swift */ = {isa = PBXFileReference; lastKnownFileType = sourcecode.swift; path = AD.swift; sourceTree = "<group>"; };
		82F0C1E320286404008922A0 /* Dealat-iOS.app */ = {isa = PBXFileReference; explicitFileType = wrapper.application; includeInIndex = 0; path = "Dealat-iOS.app"; sourceTree = BUILT_PRODUCTS_DIR; };
		82F0C1E620286404008922A0 /* AppDelegate.swift */ = {isa = PBXFileReference; lastKnownFileType = sourcecode.swift; path = AppDelegate.swift; sourceTree = "<group>"; };
		82F0C1E820286404008922A0 /* ViewController.swift */ = {isa = PBXFileReference; lastKnownFileType = sourcecode.swift; path = ViewController.swift; sourceTree = "<group>"; };
		82F0C1EB20286404008922A0 /* Base */ = {isa = PBXFileReference; lastKnownFileType = file.storyboard; name = Base; path = Base.lproj/Main.storyboard; sourceTree = "<group>"; };
		82F0C1ED20286407008922A0 /* Assets.xcassets */ = {isa = PBXFileReference; lastKnownFileType = folder.assetcatalog; path = Assets.xcassets; sourceTree = "<group>"; };
		82F0C1F020286407008922A0 /* Base */ = {isa = PBXFileReference; lastKnownFileType = file.storyboard; name = Base; path = Base.lproj/LaunchScreen.storyboard; sourceTree = "<group>"; };
		82F0C1F220286407008922A0 /* Info.plist */ = {isa = PBXFileReference; lastKnownFileType = text.plist.xml; path = Info.plist; sourceTree = "<group>"; };
		82F0C1F720286407008922A0 /* Dealat-iOSTests.xctest */ = {isa = PBXFileReference; explicitFileType = wrapper.cfbundle; includeInIndex = 0; path = "Dealat-iOSTests.xctest"; sourceTree = BUILT_PRODUCTS_DIR; };
		82F0C1FB20286407008922A0 /* Dealat_iOSTests.swift */ = {isa = PBXFileReference; lastKnownFileType = sourcecode.swift; path = Dealat_iOSTests.swift; sourceTree = "<group>"; };
		82F0C1FD20286407008922A0 /* Info.plist */ = {isa = PBXFileReference; lastKnownFileType = text.plist.xml; path = Info.plist; sourceTree = "<group>"; };
		82F0C20220286407008922A0 /* Dealat-iOSUITests.xctest */ = {isa = PBXFileReference; explicitFileType = wrapper.cfbundle; includeInIndex = 0; path = "Dealat-iOSUITests.xctest"; sourceTree = BUILT_PRODUCTS_DIR; };
		82F0C20620286407008922A0 /* Dealat_iOSUITests.swift */ = {isa = PBXFileReference; lastKnownFileType = sourcecode.swift; path = Dealat_iOSUITests.swift; sourceTree = "<group>"; };
		82F0C20820286407008922A0 /* Info.plist */ = {isa = PBXFileReference; lastKnownFileType = text.plist.xml; path = Info.plist; sourceTree = "<group>"; };
		82F0C21B2028648A008922A0 /* Podfile */ = {isa = PBXFileReference; lastKnownFileType = text; path = Podfile; sourceTree = "<group>"; xcLanguageSpecificationIdentifier = xcode.lang.ruby; };
		82F0C21D20286525008922A0 /* User.swift */ = {isa = PBXFileReference; lastKnownFileType = sourcecode.swift; path = User.swift; sourceTree = "<group>"; };
		82FAFB2E2075F57D004EF09D /* ReportMessagesVC.swift */ = {isa = PBXFileReference; lastKnownFileType = sourcecode.swift; path = ReportMessagesVC.swift; sourceTree = "<group>"; };
		82FEE63E2075068A00D9DB45 /* Period.swift */ = {isa = PBXFileReference; lastKnownFileType = sourcecode.swift; path = Period.swift; sourceTree = "<group>"; };
		82FEE640207506ED00D9DB45 /* ReportMessage.swift */ = {isa = PBXFileReference; lastKnownFileType = sourcecode.swift; path = ReportMessage.swift; sourceTree = "<group>"; };
		BDD28EAD72431D331D5A7292 /* Pods-Dealat-iOS.release.xcconfig */ = {isa = PBXFileReference; includeInIndex = 1; lastKnownFileType = text.xcconfig; name = "Pods-Dealat-iOS.release.xcconfig"; path = "Pods/Target Support Files/Pods-Dealat-iOS/Pods-Dealat-iOS.release.xcconfig"; sourceTree = "<group>"; };
		C8A80EAEF46234EA904EA977 /* Pods_Dealat_iOS.framework */ = {isa = PBXFileReference; explicitFileType = wrapper.framework; includeInIndex = 0; path = Pods_Dealat_iOS.framework; sourceTree = BUILT_PRODUCTS_DIR; };
/* End PBXFileReference section */

/* Begin PBXFrameworksBuildPhase section */
		82F0C1E020286404008922A0 /* Frameworks */ = {
			isa = PBXFrameworksBuildPhase;
			buildActionMask = 2147483647;
			files = (
				6EDC59CD649ACE509FA18C96 /* Pods_Dealat_iOS.framework in Frameworks */,
				8226F01E2028872E0077FA74 /* LNNotificationsUI.framework in Frameworks */,
			);
			runOnlyForDeploymentPostprocessing = 0;
		};
		82F0C1F420286407008922A0 /* Frameworks */ = {
			isa = PBXFrameworksBuildPhase;
			buildActionMask = 2147483647;
			files = (
			);
			runOnlyForDeploymentPostprocessing = 0;
		};
		82F0C1FF20286407008922A0 /* Frameworks */ = {
			isa = PBXFrameworksBuildPhase;
			buildActionMask = 2147483647;
			files = (
			);
			runOnlyForDeploymentPostprocessing = 0;
		};
/* End PBXFrameworksBuildPhase section */

/* Begin PBXGroup section */
		8226F0192028871E0077FA74 /* Products */ = {
			isa = PBXGroup;
			children = (
				8226F01D2028871E0077FA74 /* LNNotificationsUI.framework */,
			);
			name = Products;
			sourceTree = "<group>";
		};
		8226F02720289D1A0077FA74 /* Fonts */ = {
			isa = PBXGroup;
			children = (
				8226F02A20289DD70077FA74 /* calibri.ttf */,
				8226F02820289D240077FA74 /* CenturyGothicRegular.ttf */,
			);
			path = Fonts;
			sourceTree = "<group>";
		};
		824663D62030315200F303EA /* DesignableX */ = {
			isa = PBXGroup;
			children = (
				824663D72030316000F303EA /* UIViewX.swift */,
				824663D9203031E000F303EA /* CardView.swift */,
			);
			path = DesignableX;
			sourceTree = "<group>";
		};
		828DEB58203AF69E00D6E43A /* Ctegories */ = {
			isa = PBXGroup;
			children = (
				822516E82029DF4A009FF0DE /* ChooseCatVC.swift */,
				824663DB203084CE00F303EA /* CategoriesVC.swift */,
				82ABA87B203AB6F3000627CB /* CategoriesVC2.swift */,
				82AA955E2056B8520048AC74 /* CategoriesVC3.swift */,
				82A09E922042C4A8005E9E90 /* TypesVC.swift */,
			);
			path = Ctegories;
			sourceTree = "<group>";
		};
		828DEB59203AF6C700D6E43A /* AD Details vcs */ = {
			isa = PBXGroup;
			children = (
				821CCC8C2031D28700DAC27B /* AdDetailsBaseVC.swift */,
				82E8BD14202B3DB600684368 /* AdDetailsVC.swift */,
			);
			path = "AD Details vcs";
			sourceTree = "<group>";
		};
		828DEB5A203AF6E100D6E43A /* Filter vcs */ = {
			isa = PBXGroup;
			children = (
				82ABA87E203AC650000627CB /* FilterBaseVC.swift */,
				8208B31A2039B00B000817A4 /* FilterVC.swift */,
				82E2CC5F203C34C600A375E9 /* LocationsVC.swift */,
				82E56E54205E5CBC00938CD7 /* PopupVC.swift */,
			);
			path = "Filter vcs";
			sourceTree = "<group>";
		};
		828DEB5B203AF6FD00D6E43A /* New Add vcs */ = {
			isa = PBXGroup;
			children = (
				82893DBD2032E710009151FC /* NewAddBaesVC.swift */,
				82893DB92032E400009151FC /* NewAddVC.swift */,
			);
			path = "New Add vcs";
			sourceTree = "<group>";
		};
		82B97A6D20551F1500ADF51B /* ActiveLabel */ = {
			isa = PBXGroup;
			children = (
				82B97A7120551F4100ADF51B /* ActiveBuilder.swift */,
				82B97A7220551F4100ADF51B /* ActiveLabel.h */,
				82B97A6E20551F4000ADF51B /* ActiveLabel.swift */,
				82B97A6F20551F4000ADF51B /* ActiveType.swift */,
				82B97A7320551F4100ADF51B /* RegexParser.swift */,
				82B97A7020551F4000ADF51B /* StringTrimExtension.swift */,
			);
			path = ActiveLabel;
			sourceTree = "<group>";
		};
		82F0C1DA20286404008922A0 = {
			isa = PBXGroup;
			children = (
				82F0C21B2028648A008922A0 /* Podfile */,
				8226F0182028871E0077FA74 /* LNNotificationsUI.xcodeproj */,
				82F0C1E520286404008922A0 /* Dealat-iOS */,
				82F0C1FA20286407008922A0 /* Dealat-iOSTests */,
				82F0C20520286407008922A0 /* Dealat-iOSUITests */,
				82F0C1E420286404008922A0 /* Products */,
				F73D85FE6CDA3BC8D35E5CE2 /* Pods */,
				A5966C5AFE45582547F4027E /* Frameworks */,
			);
			sourceTree = "<group>";
		};
		82F0C1E420286404008922A0 /* Products */ = {
			isa = PBXGroup;
			children = (
				82F0C1E320286404008922A0 /* Dealat-iOS.app */,
				82F0C1F720286407008922A0 /* Dealat-iOSTests.xctest */,
				82F0C20220286407008922A0 /* Dealat-iOSUITests.xctest */,
			);
			name = Products;
			sourceTree = "<group>";
		};
		82F0C1E520286404008922A0 /* Dealat-iOS */ = {
			isa = PBXGroup;
			children = (
				829247AE205FDA930093A226 /* Dealat-iOS.entitlements */,
				82F0C1E620286404008922A0 /* AppDelegate.swift */,
				82F0C1E820286404008922A0 /* ViewController.swift */,
				82F0C1EA20286404008922A0 /* Main.storyboard */,
				82F0C1ED20286407008922A0 /* Assets.xcassets */,
				82E8BD0C202B139000684368 /* Media.xcassets */,
				82F0C1EF20286407008922A0 /* LaunchScreen.storyboard */,
				82F0C1F220286407008922A0 /* Info.plist */,
				829247AF205FDAD10093A226 /* GoogleService-Info.plist */,
				8226F02520289C7B0077FA74 /* background2.png */,
				823547C52029C27E003478F1 /* pic.png */,
				82F0C21520286430008922A0 /* External */,
				82F0C21720286466008922A0 /* Model */,
				82F0C21620286430008922A0 /* View */,
				82F0C2142028642F008922A0 /* ViewController */,
				82893DE32033237C009151FC /* Localizable.strings */,
			);
			path = "Dealat-iOS";
			sourceTree = "<group>";
		};
		82F0C1FA20286407008922A0 /* Dealat-iOSTests */ = {
			isa = PBXGroup;
			children = (
				82F0C1FB20286407008922A0 /* Dealat_iOSTests.swift */,
				82F0C1FD20286407008922A0 /* Info.plist */,
			);
			path = "Dealat-iOSTests";
			sourceTree = "<group>";
		};
		82F0C20520286407008922A0 /* Dealat-iOSUITests */ = {
			isa = PBXGroup;
			children = (
				82F0C20620286407008922A0 /* Dealat_iOSUITests.swift */,
				82F0C20820286407008922A0 /* Info.plist */,
			);
			path = "Dealat-iOSUITests";
			sourceTree = "<group>";
		};
		82F0C2142028642F008922A0 /* ViewController */ = {
			isa = PBXGroup;
			children = (
				823547B72029A6AB003478F1 /* BaseVC.swift */,
				82893DBB2032E480009151FC /* BaseTVC.swift */,
				82EB4802204C134B00D25E1D /* SelectLocationVC.swift */,
				829C214320345C3B00FFFC9B /* RegisterVC.swift */,
				82EB4804204C215600D25E1D /* VerificationVC.swift */,
				823547C72029C3D9003478F1 /* SideMenuVC.swift */,
				823547BD2029AA72003478F1 /* HomeVC.swift */,
				8267E27F20302D43007130A4 /* AdsListVC.swift */,
				82105EF1204D5A410050DDD8 /* MyProfileVC.swift */,
				82105EF5204D5ACE0050DDD8 /* MyAdsVC.swift */,
				82105EF7204D5BD60050DDD8 /* MyFavoritesVC.swift */,
				829146742051670D0014CFE2 /* MyChatsVC.swift */,
				82B97A652055148400ADF51B /* ChatDetailsVC.swift */,
				82B97A7B205550C300ADF51B /* EditProfileVC.swift */,
				82E56E57205EBDF600938CD7 /* SavedSearchesVC.swift */,
				82FAFB2E2075F57D004EF09D /* ReportMessagesVC.swift */,
				828DEB58203AF69E00D6E43A /* Ctegories */,
				828DEB59203AF6C700D6E43A /* AD Details vcs */,
				828DEB5A203AF6E100D6E43A /* Filter vcs */,
				828DEB5B203AF6FD00D6E43A /* New Add vcs */,
			);
			path = ViewController;
			sourceTree = "<group>";
		};
		82F0C21520286430008922A0 /* External */ = {
			isa = PBXGroup;
			children = (
				82B97A6D20551F1500ADF51B /* ActiveLabel */,
				824663D62030315200F303EA /* DesignableX */,
				8226F02720289D1A0077FA74 /* Fonts */,
			);
			path = External;
			sourceTree = "<group>";
		};
		82F0C21620286430008922A0 /* View */ = {
			isa = PBXGroup;
			children = (
				823547C32029B131003478F1 /* BaseCell.swift */,
				823547BF2029AB94003478F1 /* HomeCell.swift */,
				822516EA2029DFF3009FF0DE /* CategoryCell.swift */,
				82E8BD0E202B143800684368 /* CommericalCell.swift */,
				82E8BD12202B285100684368 /* AdCell.swift */,
				829146762051690C0014CFE2 /* ChatCell.swift */,
				82B97A6920551D0F00ADF51B /* MessageCell.swift */,
				82B97A6A20551D0F00ADF51B /* MessageCell.xib */,
				8204944F207E080700E57CF9 /* BookmarkCell.swift */,
			);
			path = View;
			sourceTree = "<group>";
		};
		82F0C21720286466008922A0 /* Model */ = {
			isa = PBXGroup;
			children = (
				82F0C21A20286466008922A0 /* Entities */,
				82F0C21920286466008922A0 /* Extensions */,
				82F0C21820286466008922A0 /* Managers */,
			);
			path = Model;
			sourceTree = "<group>";
		};
		82F0C21820286466008922A0 /* Managers */ = {
			isa = PBXGroup;
			children = (
				8226F00C2028838F0077FA74 /* BaseManager.swift */,
				8226F00E202883A10077FA74 /* Communication.swift */,
				8226F0102028867B0077FA74 /* CustomResponse.swift */,
				8226F012202886960077FA74 /* Provider.swift */,
				8226F014202886B90077FA74 /* PushManager.swift */,
				8226F016202886D50077FA74 /* Theme.swift */,
			);
			path = Managers;
			sourceTree = "<group>";
		};
		82F0C21920286466008922A0 /* Extensions */ = {
			isa = PBXGroup;
			children = (
				8226F00A202883670077FA74 /* extensions.swift */,
				82CEA2B42031C7D400E5F017 /* localizations.swift */,
			);
			path = Extensions;
			sourceTree = "<group>";
		};
		82F0C21A20286466008922A0 /* Entities */ = {
			isa = PBXGroup;
			children = (
				8226F008202883390077FA74 /* BaseEntity.swift */,
				82F0C21D20286525008922A0 /* User.swift */,
				8226F006202882F00077FA74 /* Cat.swift */,
				82EF0C23202AFC8F00349107 /* AD.swift */,
				82CEA2B62031C89800E5F017 /* IMG.swift */,
				82105EED204D3BA20050DDD8 /* City.swift */,
				82893DAF2032D6F5009151FC /* Location.swift */,
				82893DB12032D742009151FC /* Type.swift */,
				82893DB32032D7BE009151FC /* Model.swift */,
				82893DB52032D9D8009151FC /* Education.swift */,
				82893DB72032DA13009151FC /* Schedule.swift */,
				82A3A1F6204453CD00CA9135 /* Commecicial.swift */,
				829146702051656A0014CFE2 /* Chat.swift */,
				82914672205165730014CFE2 /* Message.swift */,
				82AA9557205664A10048AC74 /* FilterParams.swift */,
				82E56E59205EC2B400938CD7 /* UserBookmark.swift */,
				82FEE63E2075068A00D9DB45 /* Period.swift */,
				82FEE640207506ED00D9DB45 /* ReportMessage.swift */,
				82049451207E0CC100E57CF9 /* BookmarkQuery.swift */,
			);
			path = Entities;
			sourceTree = "<group>";
		};
		A5966C5AFE45582547F4027E /* Frameworks */ = {
			isa = PBXGroup;
			children = (
				C8A80EAEF46234EA904EA977 /* Pods_Dealat_iOS.framework */,
			);
			name = Frameworks;
			sourceTree = "<group>";
		};
		F73D85FE6CDA3BC8D35E5CE2 /* Pods */ = {
			isa = PBXGroup;
			children = (
				379630157520095B14F2457A /* Pods-Dealat-iOS.debug.xcconfig */,
				BDD28EAD72431D331D5A7292 /* Pods-Dealat-iOS.release.xcconfig */,
			);
			name = Pods;
			sourceTree = "<group>";
		};
/* End PBXGroup section */

/* Begin PBXNativeTarget section */
		82F0C1E220286404008922A0 /* Dealat-iOS */ = {
			isa = PBXNativeTarget;
			buildConfigurationList = 82F0C20B20286407008922A0 /* Build configuration list for PBXNativeTarget "Dealat-iOS" */;
			buildPhases = (
				75BB815B1188EEFBD2ACE122 /* [CP] Check Pods Manifest.lock */,
				82F0C1DF20286404008922A0 /* Sources */,
				82F0C1E020286404008922A0 /* Frameworks */,
				82F0C1E120286404008922A0 /* Resources */,
				ACA23516D1C721730673A45E /* [CP] Embed Pods Frameworks */,
				1BED425A1CE1CA9759804175 /* [CP] Copy Pods Resources */,
				8226F0222028872F0077FA74 /* Embed Frameworks */,
			);
			buildRules = (
			);
			dependencies = (
				8226F0212028872E0077FA74 /* PBXTargetDependency */,
			);
			name = "Dealat-iOS";
			productName = "Dealat-iOS";
			productReference = 82F0C1E320286404008922A0 /* Dealat-iOS.app */;
			productType = "com.apple.product-type.application";
		};
		82F0C1F620286407008922A0 /* Dealat-iOSTests */ = {
			isa = PBXNativeTarget;
			buildConfigurationList = 82F0C20E20286407008922A0 /* Build configuration list for PBXNativeTarget "Dealat-iOSTests" */;
			buildPhases = (
				82F0C1F320286407008922A0 /* Sources */,
				82F0C1F420286407008922A0 /* Frameworks */,
				82F0C1F520286407008922A0 /* Resources */,
			);
			buildRules = (
			);
			dependencies = (
				82F0C1F920286407008922A0 /* PBXTargetDependency */,
			);
			name = "Dealat-iOSTests";
			productName = "Dealat-iOSTests";
			productReference = 82F0C1F720286407008922A0 /* Dealat-iOSTests.xctest */;
			productType = "com.apple.product-type.bundle.unit-test";
		};
		82F0C20120286407008922A0 /* Dealat-iOSUITests */ = {
			isa = PBXNativeTarget;
			buildConfigurationList = 82F0C21120286407008922A0 /* Build configuration list for PBXNativeTarget "Dealat-iOSUITests" */;
			buildPhases = (
				82F0C1FE20286407008922A0 /* Sources */,
				82F0C1FF20286407008922A0 /* Frameworks */,
				82F0C20020286407008922A0 /* Resources */,
			);
			buildRules = (
			);
			dependencies = (
				82F0C20420286407008922A0 /* PBXTargetDependency */,
			);
			name = "Dealat-iOSUITests";
			productName = "Dealat-iOSUITests";
			productReference = 82F0C20220286407008922A0 /* Dealat-iOSUITests.xctest */;
			productType = "com.apple.product-type.bundle.ui-testing";
		};
/* End PBXNativeTarget section */

/* Begin PBXProject section */
		82F0C1DB20286404008922A0 /* Project object */ = {
			isa = PBXProject;
			attributes = {
				LastSwiftUpdateCheck = 0930;
				LastUpgradeCheck = 0930;
				ORGANIZATIONNAME = "Tradinos UG";
				TargetAttributes = {
					82F0C1E220286404008922A0 = {
						CreatedOnToolsVersion = 9.3;
						ProvisioningStyle = Automatic;
						SystemCapabilities = {
							com.apple.BackgroundModes = {
								enabled = 1;
							};
							com.apple.Push = {
								enabled = 1;
							};
						};
					};
					82F0C1F620286407008922A0 = {
						CreatedOnToolsVersion = 9.3;
						ProvisioningStyle = Automatic;
						TestTargetID = 82F0C1E220286404008922A0;
					};
					82F0C20120286407008922A0 = {
						CreatedOnToolsVersion = 9.3;
						ProvisioningStyle = Automatic;
						TestTargetID = 82F0C1E220286404008922A0;
					};
				};
			};
			buildConfigurationList = 82F0C1DE20286404008922A0 /* Build configuration list for PBXProject "Dealat-iOS" */;
			compatibilityVersion = "Xcode 8.0";
			developmentRegion = en;
			hasScannedForEncodings = 0;
			knownRegions = (
				en,
				Base,
			);
			mainGroup = 82F0C1DA20286404008922A0;
			productRefGroup = 82F0C1E420286404008922A0 /* Products */;
			projectDirPath = "";
			projectReferences = (
				{
					ProductGroup = 8226F0192028871E0077FA74 /* Products */;
					ProjectRef = 8226F0182028871E0077FA74 /* LNNotificationsUI.xcodeproj */;
				},
			);
			projectRoot = "";
			targets = (
				82F0C1E220286404008922A0 /* Dealat-iOS */,
				82F0C1F620286407008922A0 /* Dealat-iOSTests */,
				82F0C20120286407008922A0 /* Dealat-iOSUITests */,
			);
		};
/* End PBXProject section */

/* Begin PBXReferenceProxy section */
		8226F01D2028871E0077FA74 /* LNNotificationsUI.framework */ = {
			isa = PBXReferenceProxy;
			fileType = wrapper.framework;
			path = LNNotificationsUI.framework;
			remoteRef = 8226F01C2028871E0077FA74 /* PBXContainerItemProxy */;
			sourceTree = BUILT_PRODUCTS_DIR;
		};
/* End PBXReferenceProxy section */

/* Begin PBXResourcesBuildPhase section */
		82F0C1E120286404008922A0 /* Resources */ = {
			isa = PBXResourcesBuildPhase;
			buildActionMask = 2147483647;
			files = (
				8226F02B20289DD70077FA74 /* calibri.ttf in Resources */,
				82F0C1F120286407008922A0 /* LaunchScreen.storyboard in Resources */,
				82F0C1EE20286407008922A0 /* Assets.xcassets in Resources */,
				82F0C21C2028648A008922A0 /* Podfile in Resources */,
				82B97A6C20551D0F00ADF51B /* MessageCell.xib in Resources */,
				829247B0205FDAD20093A226 /* GoogleService-Info.plist in Resources */,
				8226F02620289C7C0077FA74 /* background2.png in Resources */,
				82893DE12033237C009151FC /* Localizable.strings in Resources */,
				8226F02920289D240077FA74 /* CenturyGothicRegular.ttf in Resources */,
				823547C62029C27F003478F1 /* pic.png in Resources */,
				82E8BD0D202B139000684368 /* Media.xcassets in Resources */,
				82F0C1EC20286404008922A0 /* Main.storyboard in Resources */,
			);
			runOnlyForDeploymentPostprocessing = 0;
		};
		82F0C1F520286407008922A0 /* Resources */ = {
			isa = PBXResourcesBuildPhase;
			buildActionMask = 2147483647;
			files = (
			);
			runOnlyForDeploymentPostprocessing = 0;
		};
		82F0C20020286407008922A0 /* Resources */ = {
			isa = PBXResourcesBuildPhase;
			buildActionMask = 2147483647;
			files = (
			);
			runOnlyForDeploymentPostprocessing = 0;
		};
/* End PBXResourcesBuildPhase section */

/* Begin PBXShellScriptBuildPhase section */
		1BED425A1CE1CA9759804175 /* [CP] Copy Pods Resources */ = {
			isa = PBXShellScriptBuildPhase;
			buildActionMask = 2147483647;
			files = (
			);
			inputPaths = (
			);
			name = "[CP] Copy Pods Resources";
			outputPaths = (
			);
			runOnlyForDeploymentPostprocessing = 0;
			shellPath = /bin/sh;
			shellScript = "\"${SRCROOT}/Pods/Target Support Files/Pods-Dealat-iOS/Pods-Dealat-iOS-resources.sh\"\n";
			showEnvVarsInLog = 0;
		};
		75BB815B1188EEFBD2ACE122 /* [CP] Check Pods Manifest.lock */ = {
			isa = PBXShellScriptBuildPhase;
			buildActionMask = 2147483647;
			files = (
			);
			inputPaths = (
				"${PODS_PODFILE_DIR_PATH}/Podfile.lock",
				"${PODS_ROOT}/Manifest.lock",
			);
			name = "[CP] Check Pods Manifest.lock";
			outputPaths = (
				"$(DERIVED_FILE_DIR)/Pods-Dealat-iOS-checkManifestLockResult.txt",
			);
			runOnlyForDeploymentPostprocessing = 0;
			shellPath = /bin/sh;
			shellScript = "diff \"${PODS_PODFILE_DIR_PATH}/Podfile.lock\" \"${PODS_ROOT}/Manifest.lock\" > /dev/null\nif [ $? != 0 ] ; then\n    # print error to STDERR\n    echo \"error: The sandbox is not in sync with the Podfile.lock. Run 'pod install' or update your CocoaPods installation.\" >&2\n    exit 1\nfi\n# This output is used by Xcode 'outputs' to avoid re-running this script phase.\necho \"SUCCESS\" > \"${SCRIPT_OUTPUT_FILE_0}\"\n";
			showEnvVarsInLog = 0;
		};
		ACA23516D1C721730673A45E /* [CP] Embed Pods Frameworks */ = {
			isa = PBXShellScriptBuildPhase;
			buildActionMask = 2147483647;
			files = (
			);
			inputPaths = (
				"${SRCROOT}/Pods/Target Support Files/Pods-Dealat-iOS/Pods-Dealat-iOS-frameworks.sh",
				"${BUILT_PRODUCTS_DIR}/AFDateHelper/AFDateHelper.framework",
				"${BUILT_PRODUCTS_DIR}/ActiveLabel/ActiveLabel.framework",
				"${BUILT_PRODUCTS_DIR}/Alamofire/Alamofire.framework",
				"${BUILT_PRODUCTS_DIR}/AlamofireObjectMapper/AlamofireObjectMapper.framework",
				"${BUILT_PRODUCTS_DIR}/CHIPageControl/CHIPageControl.framework",
				"${BUILT_PRODUCTS_DIR}/Cache/Cache.framework",
				"${BUILT_PRODUCTS_DIR}/DLRadioButton/DLRadioButton.framework",
				"${BUILT_PRODUCTS_DIR}/DatePickerDialog/DatePickerDialog.framework",
				"${BUILT_PRODUCTS_DIR}/DropDown/DropDown.framework",
				"${BUILT_PRODUCTS_DIR}/GoogleToolboxForMac/GoogleToolboxForMac.framework",
				"${BUILT_PRODUCTS_DIR}/GrowingTextView/GrowingTextView.framework",
				"${BUILT_PRODUCTS_DIR}/Hue/Hue.framework",
				"${BUILT_PRODUCTS_DIR}/IQDropDownTextField/IQDropDownTextField.framework",
				"${BUILT_PRODUCTS_DIR}/IQKeyboardManagerSwift/IQKeyboardManagerSwift.framework",
				"${BUILT_PRODUCTS_DIR}/Imaginary/Imaginary.framework",
				"${BUILT_PRODUCTS_DIR}/JGProgressHUD/JGProgressHUD.framework",
				"${BUILT_PRODUCTS_DIR}/JVFloatLabeledTextField/JVFloatLabeledTextField.framework",
				"${BUILT_PRODUCTS_DIR}/KMPlaceholderTextView/KMPlaceholderTextView.framework",
				"${BUILT_PRODUCTS_DIR}/KSToastView/KSToastView.framework",
				"${BUILT_PRODUCTS_DIR}/Kingfisher/Kingfisher.framework",
				"${BUILT_PRODUCTS_DIR}/Lightbox/Lightbox.framework",
				"${BUILT_PRODUCTS_DIR}/ObjectMapper/ObjectMapper.framework",
				"${BUILT_PRODUCTS_DIR}/Protobuf/Protobuf.framework",
				"${BUILT_PRODUCTS_DIR}/SDWebImage/SDWebImage.framework",
				"${BUILT_PRODUCTS_DIR}/SideMenu/SideMenu.framework",
				"${BUILT_PRODUCTS_DIR}/SkyFloatingLabelTextField/SkyFloatingLabelTextField.framework",
				"${BUILT_PRODUCTS_DIR}/SwiftyJSON/SwiftyJSON.framework",
				"${BUILT_PRODUCTS_DIR}/SwipeBack/SwipeBack.framework",
				"${BUILT_PRODUCTS_DIR}/Toast-Swift/Toast_Swift.framework",
				"${BUILT_PRODUCTS_DIR}/XLPagerTabStrip/XLPagerTabStrip.framework",
				"${BUILT_PRODUCTS_DIR}/YangMingShan/YangMingShan.framework",
				"${BUILT_PRODUCTS_DIR}/nanopb/nanopb.framework",
			);
			name = "[CP] Embed Pods Frameworks";
			outputPaths = (
				"${TARGET_BUILD_DIR}/${FRAMEWORKS_FOLDER_PATH}/AFDateHelper.framework",
				"${TARGET_BUILD_DIR}/${FRAMEWORKS_FOLDER_PATH}/ActiveLabel.framework",
				"${TARGET_BUILD_DIR}/${FRAMEWORKS_FOLDER_PATH}/Alamofire.framework",
				"${TARGET_BUILD_DIR}/${FRAMEWORKS_FOLDER_PATH}/AlamofireObjectMapper.framework",
				"${TARGET_BUILD_DIR}/${FRAMEWORKS_FOLDER_PATH}/CHIPageControl.framework",
				"${TARGET_BUILD_DIR}/${FRAMEWORKS_FOLDER_PATH}/Cache.framework",
				"${TARGET_BUILD_DIR}/${FRAMEWORKS_FOLDER_PATH}/DLRadioButton.framework",
				"${TARGET_BUILD_DIR}/${FRAMEWORKS_FOLDER_PATH}/DatePickerDialog.framework",
				"${TARGET_BUILD_DIR}/${FRAMEWORKS_FOLDER_PATH}/DropDown.framework",
				"${TARGET_BUILD_DIR}/${FRAMEWORKS_FOLDER_PATH}/GoogleToolboxForMac.framework",
				"${TARGET_BUILD_DIR}/${FRAMEWORKS_FOLDER_PATH}/GrowingTextView.framework",
				"${TARGET_BUILD_DIR}/${FRAMEWORKS_FOLDER_PATH}/Hue.framework",
				"${TARGET_BUILD_DIR}/${FRAMEWORKS_FOLDER_PATH}/IQDropDownTextField.framework",
				"${TARGET_BUILD_DIR}/${FRAMEWORKS_FOLDER_PATH}/IQKeyboardManagerSwift.framework",
				"${TARGET_BUILD_DIR}/${FRAMEWORKS_FOLDER_PATH}/Imaginary.framework",
				"${TARGET_BUILD_DIR}/${FRAMEWORKS_FOLDER_PATH}/JGProgressHUD.framework",
				"${TARGET_BUILD_DIR}/${FRAMEWORKS_FOLDER_PATH}/JVFloatLabeledTextField.framework",
				"${TARGET_BUILD_DIR}/${FRAMEWORKS_FOLDER_PATH}/KMPlaceholderTextView.framework",
				"${TARGET_BUILD_DIR}/${FRAMEWORKS_FOLDER_PATH}/KSToastView.framework",
				"${TARGET_BUILD_DIR}/${FRAMEWORKS_FOLDER_PATH}/Kingfisher.framework",
				"${TARGET_BUILD_DIR}/${FRAMEWORKS_FOLDER_PATH}/Lightbox.framework",
				"${TARGET_BUILD_DIR}/${FRAMEWORKS_FOLDER_PATH}/ObjectMapper.framework",
				"${TARGET_BUILD_DIR}/${FRAMEWORKS_FOLDER_PATH}/Protobuf.framework",
				"${TARGET_BUILD_DIR}/${FRAMEWORKS_FOLDER_PATH}/SDWebImage.framework",
				"${TARGET_BUILD_DIR}/${FRAMEWORKS_FOLDER_PATH}/SideMenu.framework",
				"${TARGET_BUILD_DIR}/${FRAMEWORKS_FOLDER_PATH}/SkyFloatingLabelTextField.framework",
				"${TARGET_BUILD_DIR}/${FRAMEWORKS_FOLDER_PATH}/SwiftyJSON.framework",
				"${TARGET_BUILD_DIR}/${FRAMEWORKS_FOLDER_PATH}/SwipeBack.framework",
				"${TARGET_BUILD_DIR}/${FRAMEWORKS_FOLDER_PATH}/Toast_Swift.framework",
				"${TARGET_BUILD_DIR}/${FRAMEWORKS_FOLDER_PATH}/XLPagerTabStrip.framework",
				"${TARGET_BUILD_DIR}/${FRAMEWORKS_FOLDER_PATH}/YangMingShan.framework",
				"${TARGET_BUILD_DIR}/${FRAMEWORKS_FOLDER_PATH}/nanopb.framework",
			);
			runOnlyForDeploymentPostprocessing = 0;
			shellPath = /bin/sh;
			shellScript = "\"${SRCROOT}/Pods/Target Support Files/Pods-Dealat-iOS/Pods-Dealat-iOS-frameworks.sh\"\n";
			showEnvVarsInLog = 0;
		};
/* End PBXShellScriptBuildPhase section */

/* Begin PBXSourcesBuildPhase section */
		82F0C1DF20286404008922A0 /* Sources */ = {
			isa = PBXSourcesBuildPhase;
			buildActionMask = 2147483647;
			files = (
				8208B31B2039B00B000817A4 /* FilterVC.swift in Sources */,
				8226F015202886B90077FA74 /* PushManager.swift in Sources */,
				824663DA203031E000F303EA /* CardView.swift in Sources */,
				82893DB02032D6F5009151FC /* Location.swift in Sources */,
				82FEE63F2075068A00D9DB45 /* Period.swift in Sources */,
				82B97A7C205550C300ADF51B /* EditProfileVC.swift in Sources */,
				822516EB2029DFF3009FF0DE /* CategoryCell.swift in Sources */,
				82AA955F2056B8520048AC74 /* CategoriesVC3.swift in Sources */,
				823547BE2029AA72003478F1 /* HomeVC.swift in Sources */,
				82893DB22032D742009151FC /* Type.swift in Sources */,
				82E56E55205E5CBC00938CD7 /* PopupVC.swift in Sources */,
				8226F007202882F00077FA74 /* Cat.swift in Sources */,
				82B97A7420551F4200ADF51B /* ActiveLabel.swift in Sources */,
				82893DBC2032E480009151FC /* BaseTVC.swift in Sources */,
				82B97A7820551F4200ADF51B /* RegexParser.swift in Sources */,
				82893DB62032D9D8009151FC /* Education.swift in Sources */,
				82105EF2204D5A410050DDD8 /* MyProfileVC.swift in Sources */,
				8226F009202883390077FA74 /* BaseEntity.swift in Sources */,
				82B97A7720551F4200ADF51B /* ActiveBuilder.swift in Sources */,
				82893DBE2032E710009151FC /* NewAddBaesVC.swift in Sources */,
				82B97A7520551F4200ADF51B /* ActiveType.swift in Sources */,
				829146772051690C0014CFE2 /* ChatCell.swift in Sources */,
				829146712051656A0014CFE2 /* Chat.swift in Sources */,
				822516E92029DF4A009FF0DE /* ChooseCatVC.swift in Sources */,
				829C214420345C3B00FFFC9B /* RegisterVC.swift in Sources */,
				82049452207E0CC100E57CF9 /* BookmarkQuery.swift in Sources */,
				82105EEE204D3BA20050DDD8 /* City.swift in Sources */,
				82E2CC60203C34C600A375E9 /* LocationsVC.swift in Sources */,
				82E56E58205EBDF600938CD7 /* SavedSearchesVC.swift in Sources */,
				823547C42029B131003478F1 /* BaseCell.swift in Sources */,
				823547C12029AB94003478F1 /* HomeCell.swift in Sources */,
				82A3A1F7204453CD00CA9135 /* Commecicial.swift in Sources */,
				82E56E5A205EC2B400938CD7 /* UserBookmark.swift in Sources */,
				82B97A7620551F4200ADF51B /* StringTrimExtension.swift in Sources */,
				82914673205165730014CFE2 /* Message.swift in Sources */,
				82E8BD15202B3DB600684368 /* AdDetailsVC.swift in Sources */,
				82049450207E080700E57CF9 /* BookmarkCell.swift in Sources */,
				82ABA87F203AC650000627CB /* FilterBaseVC.swift in Sources */,
				82E8BD0F202B143800684368 /* CommericalCell.swift in Sources */,
				82CEA2B52031C7D400E5F017 /* localizations.swift in Sources */,
				82893DB82032DA13009151FC /* Schedule.swift in Sources */,
				829146752051670D0014CFE2 /* MyChatsVC.swift in Sources */,
				82B97A6B20551D0F00ADF51B /* MessageCell.swift in Sources */,
				82B97A662055148400ADF51B /* ChatDetailsVC.swift in Sources */,
				82105EF6204D5ACE0050DDD8 /* MyAdsVC.swift in Sources */,
				82FEE641207506ED00D9DB45 /* ReportMessage.swift in Sources */,
				82FAFB2F2075F57D004EF09D /* ReportMessagesVC.swift in Sources */,
				82EF0C24202AFC8F00349107 /* AD.swift in Sources */,
				82CEA2B72031C89800E5F017 /* IMG.swift in Sources */,
				82F0C1E920286404008922A0 /* ViewController.swift in Sources */,
				8226F0112028867B0077FA74 /* CustomResponse.swift in Sources */,
				82F0C1E720286404008922A0 /* AppDelegate.swift in Sources */,
				821CCC8D2031D28700DAC27B /* AdDetailsBaseVC.swift in Sources */,
				8226F00F202883A10077FA74 /* Communication.swift in Sources */,
				8267E28020302D43007130A4 /* AdsListVC.swift in Sources */,
				82F0C21E20286525008922A0 /* User.swift in Sources */,
				823547B82029A6AB003478F1 /* BaseVC.swift in Sources */,
				8226F00B202883670077FA74 /* extensions.swift in Sources */,
				824663DC203084CE00F303EA /* CategoriesVC.swift in Sources */,
				82EB4803204C134B00D25E1D /* SelectLocationVC.swift in Sources */,
				82105EF8204D5BD60050DDD8 /* MyFavoritesVC.swift in Sources */,
				82A09E932042C4A8005E9E90 /* TypesVC.swift in Sources */,
				82ABA87C203AB6F3000627CB /* CategoriesVC2.swift in Sources */,
				8226F017202886D50077FA74 /* Theme.swift in Sources */,
				82AA9558205664A10048AC74 /* FilterParams.swift in Sources */,
				82EB4805204C215600D25E1D /* VerificationVC.swift in Sources */,
				82893DB42032D7BE009151FC /* Model.swift in Sources */,
				82E8BD13202B285100684368 /* AdCell.swift in Sources */,
				823547C82029C3D9003478F1 /* SideMenuVC.swift in Sources */,
				8226F013202886960077FA74 /* Provider.swift in Sources */,
				82893DBA2032E400009151FC /* NewAddVC.swift in Sources */,
				824663D82030316000F303EA /* UIViewX.swift in Sources */,
				8226F00D2028838F0077FA74 /* BaseManager.swift in Sources */,
			);
			runOnlyForDeploymentPostprocessing = 0;
		};
		82F0C1F320286407008922A0 /* Sources */ = {
			isa = PBXSourcesBuildPhase;
			buildActionMask = 2147483647;
			files = (
				82F0C1FC20286407008922A0 /* Dealat_iOSTests.swift in Sources */,
			);
			runOnlyForDeploymentPostprocessing = 0;
		};
		82F0C1FE20286407008922A0 /* Sources */ = {
			isa = PBXSourcesBuildPhase;
			buildActionMask = 2147483647;
			files = (
				82F0C20720286407008922A0 /* Dealat_iOSUITests.swift in Sources */,
			);
			runOnlyForDeploymentPostprocessing = 0;
		};
/* End PBXSourcesBuildPhase section */

/* Begin PBXTargetDependency section */
		8226F0212028872E0077FA74 /* PBXTargetDependency */ = {
			isa = PBXTargetDependency;
			name = LNNotificationsUI;
			targetProxy = 8226F0202028872E0077FA74 /* PBXContainerItemProxy */;
		};
		82F0C1F920286407008922A0 /* PBXTargetDependency */ = {
			isa = PBXTargetDependency;
			target = 82F0C1E220286404008922A0 /* Dealat-iOS */;
			targetProxy = 82F0C1F820286407008922A0 /* PBXContainerItemProxy */;
		};
		82F0C20420286407008922A0 /* PBXTargetDependency */ = {
			isa = PBXTargetDependency;
			target = 82F0C1E220286404008922A0 /* Dealat-iOS */;
			targetProxy = 82F0C20320286407008922A0 /* PBXContainerItemProxy */;
		};
/* End PBXTargetDependency section */

/* Begin PBXVariantGroup section */
		82893DE32033237C009151FC /* Localizable.strings */ = {
			isa = PBXVariantGroup;
			children = (
				82893DE520332389009151FC /* Base */,
				82893DE62033238F009151FC /* ar */,
				823E478220455ABA00DF280C /* en */,
			);
			name = Localizable.strings;
			sourceTree = "<group>";
		};
		82F0C1EA20286404008922A0 /* Main.storyboard */ = {
			isa = PBXVariantGroup;
			children = (
				82F0C1EB20286404008922A0 /* Base */,
				82CEA2B22031A25B00E5F017 /* ar */,
			);
			name = Main.storyboard;
			sourceTree = "<group>";
		};
		82F0C1EF20286407008922A0 /* LaunchScreen.storyboard */ = {
			isa = PBXVariantGroup;
			children = (
				82F0C1F020286407008922A0 /* Base */,
				82CEA2B32031A25C00E5F017 /* ar */,
			);
			name = LaunchScreen.storyboard;
			sourceTree = "<group>";
		};
/* End PBXVariantGroup section */

/* Begin XCBuildConfiguration section */
		82F0C20920286407008922A0 /* Debug */ = {
			isa = XCBuildConfiguration;
			buildSettings = {
				ALWAYS_SEARCH_USER_PATHS = NO;
				CLANG_ANALYZER_LOCALIZABILITY_NONLOCALIZED = YES;
				CLANG_ANALYZER_NONNULL = YES;
				CLANG_ANALYZER_NUMBER_OBJECT_CONVERSION = YES_AGGRESSIVE;
				CLANG_CXX_LANGUAGE_STANDARD = "gnu++14";
				CLANG_CXX_LIBRARY = "libc++";
				CLANG_ENABLE_MODULES = YES;
				CLANG_ENABLE_OBJC_ARC = YES;
				CLANG_ENABLE_OBJC_WEAK = YES;
				CLANG_WARN_BLOCK_CAPTURE_AUTORELEASING = YES;
				CLANG_WARN_BOOL_CONVERSION = YES;
				CLANG_WARN_COMMA = YES;
				CLANG_WARN_CONSTANT_CONVERSION = YES;
				CLANG_WARN_DEPRECATED_OBJC_IMPLEMENTATIONS = YES;
				CLANG_WARN_DIRECT_OBJC_ISA_USAGE = YES_ERROR;
				CLANG_WARN_DOCUMENTATION_COMMENTS = YES;
				CLANG_WARN_EMPTY_BODY = YES;
				CLANG_WARN_ENUM_CONVERSION = YES;
				CLANG_WARN_INFINITE_RECURSION = YES;
				CLANG_WARN_INT_CONVERSION = YES;
				CLANG_WARN_NON_LITERAL_NULL_CONVERSION = YES;
				CLANG_WARN_OBJC_IMPLICIT_RETAIN_SELF = YES;
				CLANG_WARN_OBJC_LITERAL_CONVERSION = YES;
				CLANG_WARN_OBJC_ROOT_CLASS = YES_ERROR;
				CLANG_WARN_RANGE_LOOP_ANALYSIS = YES;
				CLANG_WARN_STRICT_PROTOTYPES = YES;
				CLANG_WARN_SUSPICIOUS_MOVE = YES;
				CLANG_WARN_UNGUARDED_AVAILABILITY = YES_AGGRESSIVE;
				CLANG_WARN_UNREACHABLE_CODE = YES;
				CLANG_WARN__DUPLICATE_METHOD_MATCH = YES;
				CODE_SIGN_IDENTITY = "iPhone Developer";
				COPY_PHASE_STRIP = NO;
				DEBUG_INFORMATION_FORMAT = dwarf;
				ENABLE_BITCODE = NO;
				ENABLE_STRICT_OBJC_MSGSEND = YES;
				ENABLE_TESTABILITY = YES;
				GCC_C_LANGUAGE_STANDARD = gnu11;
				GCC_DYNAMIC_NO_PIC = NO;
				GCC_NO_COMMON_BLOCKS = YES;
				GCC_OPTIMIZATION_LEVEL = 0;
				GCC_PREPROCESSOR_DEFINITIONS = (
					"DEBUG=1",
					"$(inherited)",
				);
				GCC_WARN_64_TO_32_BIT_CONVERSION = YES;
				GCC_WARN_ABOUT_RETURN_TYPE = YES_ERROR;
				GCC_WARN_UNDECLARED_SELECTOR = YES;
				GCC_WARN_UNINITIALIZED_AUTOS = YES_AGGRESSIVE;
				GCC_WARN_UNUSED_FUNCTION = YES;
				GCC_WARN_UNUSED_VARIABLE = YES;
				IPHONEOS_DEPLOYMENT_TARGET = 11.2;
				MTL_ENABLE_DEBUG_INFO = YES;
				ONLY_ACTIVE_ARCH = YES;
				SDKROOT = iphoneos;
				SWIFT_ACTIVE_COMPILATION_CONDITIONS = DEBUG;
				SWIFT_OPTIMIZATION_LEVEL = "-Onone";
			};
			name = Debug;
		};
		82F0C20A20286407008922A0 /* Release */ = {
			isa = XCBuildConfiguration;
			buildSettings = {
				ALWAYS_SEARCH_USER_PATHS = NO;
				CLANG_ANALYZER_LOCALIZABILITY_NONLOCALIZED = YES;
				CLANG_ANALYZER_NONNULL = YES;
				CLANG_ANALYZER_NUMBER_OBJECT_CONVERSION = YES_AGGRESSIVE;
				CLANG_CXX_LANGUAGE_STANDARD = "gnu++14";
				CLANG_CXX_LIBRARY = "libc++";
				CLANG_ENABLE_MODULES = YES;
				CLANG_ENABLE_OBJC_ARC = YES;
				CLANG_ENABLE_OBJC_WEAK = YES;
				CLANG_WARN_BLOCK_CAPTURE_AUTORELEASING = YES;
				CLANG_WARN_BOOL_CONVERSION = YES;
				CLANG_WARN_COMMA = YES;
				CLANG_WARN_CONSTANT_CONVERSION = YES;
				CLANG_WARN_DEPRECATED_OBJC_IMPLEMENTATIONS = YES;
				CLANG_WARN_DIRECT_OBJC_ISA_USAGE = YES_ERROR;
				CLANG_WARN_DOCUMENTATION_COMMENTS = YES;
				CLANG_WARN_EMPTY_BODY = YES;
				CLANG_WARN_ENUM_CONVERSION = YES;
				CLANG_WARN_INFINITE_RECURSION = YES;
				CLANG_WARN_INT_CONVERSION = YES;
				CLANG_WARN_NON_LITERAL_NULL_CONVERSION = YES;
				CLANG_WARN_OBJC_IMPLICIT_RETAIN_SELF = YES;
				CLANG_WARN_OBJC_LITERAL_CONVERSION = YES;
				CLANG_WARN_OBJC_ROOT_CLASS = YES_ERROR;
				CLANG_WARN_RANGE_LOOP_ANALYSIS = YES;
				CLANG_WARN_STRICT_PROTOTYPES = YES;
				CLANG_WARN_SUSPICIOUS_MOVE = YES;
				CLANG_WARN_UNGUARDED_AVAILABILITY = YES_AGGRESSIVE;
				CLANG_WARN_UNREACHABLE_CODE = YES;
				CLANG_WARN__DUPLICATE_METHOD_MATCH = YES;
				CODE_SIGN_IDENTITY = "iPhone Developer";
				COPY_PHASE_STRIP = NO;
				DEBUG_INFORMATION_FORMAT = "dwarf-with-dsym";
				ENABLE_BITCODE = NO;
				ENABLE_NS_ASSERTIONS = NO;
				ENABLE_STRICT_OBJC_MSGSEND = YES;
				GCC_C_LANGUAGE_STANDARD = gnu11;
				GCC_NO_COMMON_BLOCKS = YES;
				GCC_WARN_64_TO_32_BIT_CONVERSION = YES;
				GCC_WARN_ABOUT_RETURN_TYPE = YES_ERROR;
				GCC_WARN_UNDECLARED_SELECTOR = YES;
				GCC_WARN_UNINITIALIZED_AUTOS = YES_AGGRESSIVE;
				GCC_WARN_UNUSED_FUNCTION = YES;
				GCC_WARN_UNUSED_VARIABLE = YES;
				IPHONEOS_DEPLOYMENT_TARGET = 11.2;
				MTL_ENABLE_DEBUG_INFO = NO;
				ONLY_ACTIVE_ARCH = YES;
				SDKROOT = iphoneos;
				SWIFT_OPTIMIZATION_LEVEL = "-Owholemodule";
				VALIDATE_PRODUCT = YES;
			};
			name = Release;
		};
		82F0C20C20286407008922A0 /* Debug */ = {
			isa = XCBuildConfiguration;
			baseConfigurationReference = 379630157520095B14F2457A /* Pods-Dealat-iOS.debug.xcconfig */;
			buildSettings = {
				ASSETCATALOG_COMPILER_APPICON_NAME = AppIcon;
				CODE_SIGN_ENTITLEMENTS = "Dealat-iOS/Dealat-iOS.entitlements";
				CODE_SIGN_STYLE = Automatic;
				DEVELOPMENT_TEAM = Z93D2H934T;
				ENABLE_BITCODE = NO;
				INFOPLIST_FILE = "Dealat-iOS/Info.plist";
				IPHONEOS_DEPLOYMENT_TARGET = 9.0;
				LD_RUNPATH_SEARCH_PATHS = "$(inherited) @executable_path/Frameworks";
				ONLY_ACTIVE_ARCH = YES;
				PRODUCT_BUNDLE_IDENTIFIER = com.dealat;
				PRODUCT_NAME = "$(TARGET_NAME)";
				SWIFT_VERSION = 4.0;
				TARGETED_DEVICE_FAMILY = "1,2";
			};
			name = Debug;
		};
		82F0C20D20286407008922A0 /* Release */ = {
			isa = XCBuildConfiguration;
			baseConfigurationReference = BDD28EAD72431D331D5A7292 /* Pods-Dealat-iOS.release.xcconfig */;
			buildSettings = {
				ASSETCATALOG_COMPILER_APPICON_NAME = AppIcon;
				CODE_SIGN_ENTITLEMENTS = "Dealat-iOS/Dealat-iOS.entitlements";
				CODE_SIGN_STYLE = Automatic;
				DEVELOPMENT_TEAM = Z93D2H934T;
				ENABLE_BITCODE = NO;
				INFOPLIST_FILE = "Dealat-iOS/Info.plist";
				IPHONEOS_DEPLOYMENT_TARGET = 9.0;
				LD_RUNPATH_SEARCH_PATHS = "$(inherited) @executable_path/Frameworks";
				ONLY_ACTIVE_ARCH = YES;
				PRODUCT_BUNDLE_IDENTIFIER = com.dealat;
				PRODUCT_NAME = "$(TARGET_NAME)";
				SWIFT_VERSION = 4.0;
				TARGETED_DEVICE_FAMILY = "1,2";
			};
			name = Release;
		};
		82F0C20F20286407008922A0 /* Debug */ = {
			isa = XCBuildConfiguration;
			buildSettings = {
				ALWAYS_EMBED_SWIFT_STANDARD_LIBRARIES = YES;
				BUNDLE_LOADER = "$(TEST_HOST)";
				CODE_SIGN_STYLE = Automatic;
				DEVELOPMENT_TEAM = Z93D2H934T;
				INFOPLIST_FILE = "Dealat-iOSTests/Info.plist";
				LD_RUNPATH_SEARCH_PATHS = "$(inherited) @executable_path/Frameworks @loader_path/Frameworks";
				PRODUCT_BUNDLE_IDENTIFIER = "tradinos.Dealat-iOSTests";
				PRODUCT_NAME = "$(TARGET_NAME)";
				SWIFT_VERSION = 4.0;
				TARGETED_DEVICE_FAMILY = "1,2";
				TEST_HOST = "$(BUILT_PRODUCTS_DIR)/Dealat-iOS.app/Dealat-iOS";
			};
			name = Debug;
		};
		82F0C21020286407008922A0 /* Release */ = {
			isa = XCBuildConfiguration;
			buildSettings = {
				ALWAYS_EMBED_SWIFT_STANDARD_LIBRARIES = YES;
				BUNDLE_LOADER = "$(TEST_HOST)";
				CODE_SIGN_STYLE = Automatic;
				DEVELOPMENT_TEAM = Z93D2H934T;
				INFOPLIST_FILE = "Dealat-iOSTests/Info.plist";
				LD_RUNPATH_SEARCH_PATHS = "$(inherited) @executable_path/Frameworks @loader_path/Frameworks";
				PRODUCT_BUNDLE_IDENTIFIER = "tradinos.Dealat-iOSTests";
				PRODUCT_NAME = "$(TARGET_NAME)";
				SWIFT_VERSION = 4.0;
				TARGETED_DEVICE_FAMILY = "1,2";
				TEST_HOST = "$(BUILT_PRODUCTS_DIR)/Dealat-iOS.app/Dealat-iOS";
			};
			name = Release;
		};
		82F0C21220286407008922A0 /* Debug */ = {
			isa = XCBuildConfiguration;
			buildSettings = {
				ALWAYS_EMBED_SWIFT_STANDARD_LIBRARIES = YES;
				CODE_SIGN_STYLE = Automatic;
				DEVELOPMENT_TEAM = Z93D2H934T;
				INFOPLIST_FILE = "Dealat-iOSUITests/Info.plist";
				LD_RUNPATH_SEARCH_PATHS = "$(inherited) @executable_path/Frameworks @loader_path/Frameworks";
				PRODUCT_BUNDLE_IDENTIFIER = "tradinos.Dealat-iOSUITests";
				PRODUCT_NAME = "$(TARGET_NAME)";
				SWIFT_VERSION = 4.0;
				TARGETED_DEVICE_FAMILY = "1,2";
				TEST_TARGET_NAME = "Dealat-iOS";
			};
			name = Debug;
		};
		82F0C21320286407008922A0 /* Release */ = {
			isa = XCBuildConfiguration;
			buildSettings = {
				ALWAYS_EMBED_SWIFT_STANDARD_LIBRARIES = YES;
				CODE_SIGN_STYLE = Automatic;
				DEVELOPMENT_TEAM = Z93D2H934T;
				INFOPLIST_FILE = "Dealat-iOSUITests/Info.plist";
				LD_RUNPATH_SEARCH_PATHS = "$(inherited) @executable_path/Frameworks @loader_path/Frameworks";
				PRODUCT_BUNDLE_IDENTIFIER = "tradinos.Dealat-iOSUITests";
				PRODUCT_NAME = "$(TARGET_NAME)";
				SWIFT_VERSION = 4.0;
				TARGETED_DEVICE_FAMILY = "1,2";
				TEST_TARGET_NAME = "Dealat-iOS";
			};
			name = Release;
		};
/* End XCBuildConfiguration section */

/* Begin XCConfigurationList section */
		82F0C1DE20286404008922A0 /* Build configuration list for PBXProject "Dealat-iOS" */ = {
			isa = XCConfigurationList;
			buildConfigurations = (
				82F0C20920286407008922A0 /* Debug */,
				82F0C20A20286407008922A0 /* Release */,
			);
			defaultConfigurationIsVisible = 0;
			defaultConfigurationName = Release;
		};
		82F0C20B20286407008922A0 /* Build configuration list for PBXNativeTarget "Dealat-iOS" */ = {
			isa = XCConfigurationList;
			buildConfigurations = (
				82F0C20C20286407008922A0 /* Debug */,
				82F0C20D20286407008922A0 /* Release */,
			);
			defaultConfigurationIsVisible = 0;
			defaultConfigurationName = Release;
		};
		82F0C20E20286407008922A0 /* Build configuration list for PBXNativeTarget "Dealat-iOSTests" */ = {
			isa = XCConfigurationList;
			buildConfigurations = (
				82F0C20F20286407008922A0 /* Debug */,
				82F0C21020286407008922A0 /* Release */,
			);
			defaultConfigurationIsVisible = 0;
			defaultConfigurationName = Release;
		};
		82F0C21120286407008922A0 /* Build configuration list for PBXNativeTarget "Dealat-iOSUITests" */ = {
			isa = XCConfigurationList;
			buildConfigurations = (
				82F0C21220286407008922A0 /* Debug */,
				82F0C21320286407008922A0 /* Release */,
			);
			defaultConfigurationIsVisible = 0;
			defaultConfigurationName = Release;
		};
/* End XCConfigurationList section */
	};
	rootObject = 82F0C1DB20286404008922A0 /* Project object */;
}
